
Microsoft Visual Studio Solution File, Format Version 12.00
# Visual Studio Version 17
VisualStudioVersion = 17.5.002.0
MinimumVisualStudioVersion = 10.0.40219.1
Project("{9A19103F-16F7-4668-BE54-9A1E7A4F7556}") = "SplitwiseDotnetSDK", "splitwiseDotnetSDK\SplitwiseDotnetSDK.csproj", "{F966B038-1600-45AF-86E3-5102C3D95D28}"
EndProject
Project("{9A19103F-16F7-4668-BE54-9A1E7A4F7556}") = "splitwise-consumer", "splitwise-consumer\splitwise-consumer.csproj", "{57C0EA95-C3B5-452F-82E6-880E8746193E}"
EndProject
Project("{FAE04EC0-301F-11D3-BF4B-00C04F79EFBC}") = "SplitwiseDotnetTests", "SplitwiseDotnetTests\SplitwiseDotnetTests.csproj", "{268FA074-DE7A-4F8C-BB2D-26824A142A33}"
EndProject
Global
	GlobalSection(SolutionConfigurationPlatforms) = preSolution
		Debug|Any CPU = Debug|Any CPU
		Release|Any CPU = Release|Any CPU
	EndGlobalSection
	GlobalSection(ProjectConfigurationPlatforms) = postSolution
		{F966B038-1600-45AF-86E3-5102C3D95D28}.Debug|Any CPU.ActiveCfg = Debug|Any CPU
		{F966B038-1600-45AF-86E3-5102C3D95D28}.Debug|Any CPU.Build.0 = Debug|Any CPU
		{F966B038-1600-45AF-86E3-5102C3D95D28}.Release|Any CPU.ActiveCfg = Release|Any CPU
		{F966B038-1600-45AF-86E3-5102C3D95D28}.Release|Any CPU.Build.0 = Release|Any CPU
		{57C0EA95-C3B5-452F-82E6-880E8746193E}.Debug|Any CPU.ActiveCfg = Debug|Any CPU
		{57C0EA95-C3B5-452F-82E6-880E8746193E}.Debug|Any CPU.Build.0 = Debug|Any CPU
		{57C0EA95-C3B5-452F-82E6-880E8746193E}.Release|Any CPU.ActiveCfg = Release|Any CPU
		{57C0EA95-C3B5-452F-82E6-880E8746193E}.Release|Any CPU.Build.0 = Release|Any CPU
		{268FA074-DE7A-4F8C-BB2D-26824A142A33}.Debug|Any CPU.ActiveCfg = Debug|Any CPU
		{268FA074-DE7A-4F8C-BB2D-26824A142A33}.Debug|Any CPU.Build.0 = Debug|Any CPU
		{268FA074-DE7A-4F8C-BB2D-26824A142A33}.Release|Any CPU.ActiveCfg = Release|Any CPU
		{268FA074-DE7A-4F8C-BB2D-26824A142A33}.Release|Any CPU.Build.0 = Release|Any CPU
	EndGlobalSection
	GlobalSection(SolutionProperties) = preSolution
		HideSolutionNode = FALSE
	EndGlobalSection
	GlobalSection(ExtensibilityGlobals) = postSolution
		SolutionGuid = {A5F1C2CD-27C8-4852-8CBC-375F3B0C92D5}
	EndGlobalSection
EndGlobal
